{
  "requires": true,
  "lockfileVersion": 1,
  "dependencies": {
    "chartjs-plugin-datalabels": {
      "version": "0.3.0",
      "resolved": "https://registry.npmjs.org/chartjs-plugin-datalabels/-/chartjs-plugin-datalabels-0.3.0.tgz",
      "integrity": "sha512-Sky4MQRhGEWtAbPbWzlm/922esRRwjSR2nZwvJ1jLLhHMDglWY3gwFkRhD4YpBN4XMPqHAE5QXSVd/wivL75Qw=="
    }
  }
}
